{
  "nodes": {
    "blipPkgs": {
      "inputs": {
        "nixpkgs": "nixpkgs"
      },
      "locked": {
        "lastModified": 1625609285,
        "narHash": "sha256-i47B7CAqy3WAUw65ZKVWoRJFIgO0yikpFGo5CDHz0wI=",
        "owner": "p2pcollab",
        "repo": "ocaml-blip",
        "rev": "c62bd982c5db80fc4ae89ac345eb1485a610ffc0",
        "type": "github"
      },
      "original": {
        "owner": "p2pcollab",
        "ref": "master",
        "repo": "ocaml-blip",
        "type": "github"
      }
    },
    "nixpkgs": {
      "locked": {
        "lastModified": 1625604429,
        "narHash": "sha256-qnQTLukEtqV5XL77l72PeG2O697j8bou4TsCLt7EN7Y=",
        "owner": "NixOS",
        "repo": "nixpkgs",
        "rev": "a2cfe3fb7ee689165a5dfc35b39bc16000c68082",
        "type": "github"
      },
      "original": {
        "id": "nixpkgs",
        "type": "indirect"
      }
    },
    "nixpkgs_2": {
      "locked": {
        "lastModified": 1625604429,
        "narHash": "sha256-qnQTLukEtqV5XL77l72PeG2O697j8bou4TsCLt7EN7Y=",
        "owner": "NixOS",
        "repo": "nixpkgs",
        "rev": "a2cfe3fb7ee689165a5dfc35b39bc16000c68082",
        "type": "github"
      },
      "original": {
        "id": "nixpkgs",
        "type": "indirect"
      }
    },
    "nixpkgs_3": {
      "locked": {
        "lastModified": 1625604429,
        "narHash": "sha256-qnQTLukEtqV5XL77l72PeG2O697j8bou4TsCLt7EN7Y=",
        "owner": "NixOS",
        "repo": "nixpkgs",
        "rev": "a2cfe3fb7ee689165a5dfc35b39bc16000c68082",
        "type": "github"
      },
      "original": {
        "id": "nixpkgs",
        "type": "indirect"
      }
    },
    "root": {
      "inputs": {
        "blipPkgs": "blipPkgs",
        "nixpkgs": "nixpkgs_2",
        "urpsPkgs": "urpsPkgs"
      }
    },
    "urpsPkgs": {
      "inputs": {
        "nixpkgs": "nixpkgs_3"
      },
      "locked": {
        "lastModified": 1625609349,
        "narHash": "sha256-hp2EF9adugvId3XmF/rdWsWANjGEFRCLv150/kMVtxM=",
        "owner": "p2pcollab",
        "repo": "ocaml-urps",
        "rev": "faaf0dd3dd22b43e44b9d0c89b3d106f2a4d9c0f",
        "type": "github"
      },
      "original": {
        "owner": "p2pcollab",
        "ref": "master",
        "repo": "ocaml-urps",
        "type": "github"
      }
    }
  },
  "root": "root",
  "version": 7
}
