{
  "nodes": {
    "blip": {
      "inputs": {
        "nixpkgs": "nixpkgs"
      },
      "locked": {
        "lastModified": 1614130281,
        "narHash": "sha256-QFdV3GeVdgGj+Q0Hbs1rJO3pQUY6MbDGVv5FrcReoCg=",
        "owner": "p2pcollab",
        "repo": "ocaml-blip",
        "rev": "698138b5e5edad07712e69980cc54a9b6d46f7fc",
        "type": "github"
      },
      "original": {
        "owner": "p2pcollab",
        "ref": "master",
        "repo": "ocaml-blip",
        "type": "github"
      }
    },
    "nixpkgs": {
      "locked": {
        "lastModified": 1614114489,
        "narHash": "sha256-BP2lMuuJk/chcHClmPStN/s3O4BsivZe1GxEyTGKz84=",
        "owner": "NixOS",
        "repo": "nixpkgs",
        "rev": "60358d0dcfe43e6eeeb56b4c21e3beaf0b2fef81",
        "type": "github"
      },
      "original": {
        "id": "nixpkgs",
        "type": "indirect"
      }
    },
    "nixpkgs_2": {
      "locked": {
        "lastModified": 1614130495,
        "narHash": "sha256-xa1AF1UUuL7ryEKhb2HL8Y1UhxfnEvO2M5GfE291JMc=",
        "owner": "NixOS",
        "repo": "nixpkgs",
        "rev": "54a39ccd7eb0d4f8f276599f0a96d25cc964393f",
        "type": "github"
      },
      "original": {
        "id": "nixpkgs",
        "type": "indirect"
      }
    },
    "nixpkgs_3": {
      "locked": {
        "lastModified": 1614097395,
        "narHash": "sha256-zdbQvvCXmSEG9+OxtwL8IiS81tfKShZdPM7TZ0uKDrg=",
        "owner": "NixOS",
        "repo": "nixpkgs",
        "rev": "74b34f4a1705763fff52febb9648ac6dc6d9e953",
        "type": "github"
      },
      "original": {
        "id": "nixpkgs",
        "type": "indirect"
      }
    },
    "root": {
      "inputs": {
        "blip": "blip",
        "nixpkgs": "nixpkgs_2",
        "urps": "urps"
      }
    },
    "urps": {
      "inputs": {
        "nixpkgs": "nixpkgs_3"
      },
      "locked": {
        "lastModified": 1614130246,
        "narHash": "sha256-scSyK3fA+V56oyyJohx4xkjlk2Xg6+GxEEUxxKypmz8=",
        "owner": "p2pcollab",
        "repo": "ocaml-urps",
        "rev": "319c6ac5eda8c14595a6992090c33f249a818999",
        "type": "github"
      },
      "original": {
        "owner": "p2pcollab",
        "ref": "master",
        "repo": "ocaml-urps",
        "type": "github"
      }
    }
  },
  "root": "root",
  "version": 7
}
